
Microsoft Visual Studio Solution File, Format Version 12.00
# Visual Studio Version 16
VisualStudioVersion = 16.0.30114.105
MinimumVisualStudioVersion = 10.0.40219.1
Project("{FAE04EC0-301F-11D3-BF4B-00C04F79EFBC}") = "FigureShape", "FigureShape\FigureShape.csproj", "{28FF4E81-EEF2-4667-86DC-45C720D74D40}"
EndProject
Project("{FAE04EC0-301F-11D3-BF4B-00C04F79EFBC}") = "FigureShape.Tests", "FigureShape.Tests\FigureShape.Tests.csproj", "{50B5AE6D-3361-43B8-905B-C8ED7F84C2E8}"
EndProject
Global
	GlobalSection(SolutionConfigurationPlatforms) = preSolution
		Debug|Any CPU = Debug|Any CPU
		Release|Any CPU = Release|Any CPU
	EndGlobalSection
	GlobalSection(SolutionProperties) = preSolution
		HideSolutionNode = FALSE
	EndGlobalSection
	GlobalSection(ProjectConfigurationPlatforms) = postSolution
		{28FF4E81-EEF2-4667-86DC-45C720D74D40}.Debug|Any CPU.ActiveCfg = Debug|Any CPU
		{28FF4E81-EEF2-4667-86DC-45C720D74D40}.Debug|Any CPU.Build.0 = Debug|Any CPU
		{28FF4E81-EEF2-4667-86DC-45C720D74D40}.Release|Any CPU.ActiveCfg = Release|Any CPU
		{28FF4E81-EEF2-4667-86DC-45C720D74D40}.Release|Any CPU.Build.0 = Release|Any CPU
		{50B5AE6D-3361-43B8-905B-C8ED7F84C2E8}.Debug|Any CPU.ActiveCfg = Debug|Any CPU
		{50B5AE6D-3361-43B8-905B-C8ED7F84C2E8}.Debug|Any CPU.Build.0 = Debug|Any CPU
		{50B5AE6D-3361-43B8-905B-C8ED7F84C2E8}.Release|Any CPU.ActiveCfg = Release|Any CPU
		{50B5AE6D-3361-43B8-905B-C8ED7F84C2E8}.Release|Any CPU.Build.0 = Release|Any CPU
	EndGlobalSection
EndGlobal
